# THIS IS AN AUTOGENERATED FILE. DO NOT EDIT THIS FILE DIRECTLY.
# yarn lockfile v1


dk-vue-components@^1.0.0:
  version "1.0.0"
  resolved "https://registry.yarnpkg.com/dk-vue-components/-/dk-vue-components-1.0.0.tgz#5955d53bc89f4ddca3d090712f098a5ddfd9026b"
  integrity sha512-oUp20CRlILRxpi2JpBCtfdGUAJ7TznkKguzaYJ3S5TEFtKmSE2xhGDOucjIPZ2j2CP3rQ3XhdV4cxlJykR6Uyw==
